
Microsoft Visual Studio Solution File, Format Version 12.00
# Visual Studio 14
VisualStudioVersion = 14.0.24720.0
MinimumVisualStudioVersion = 10.0.40219.1
Project("{FAE04EC0-301F-11D3-BF4B-00C04F79EFBC}") = "Homework7", "Homework7\Homework7.csproj", "{AB950094-8145-425B-A147-46FADA98A9A7}"
EndProject
Project("{FAE04EC0-301F-11D3-BF4B-00C04F79EFBC}") = "Homework7Tests", "Homework7Tests\Homework7Tests.csproj", "{8D593977-2361-4126-9E3D-C93B97DCCBDC}"
EndProject
Global
	GlobalSection(SolutionConfigurationPlatforms) = preSolution
		Debug|Any CPU = Debug|Any CPU
		Release|Any CPU = Release|Any CPU
	EndGlobalSection
	GlobalSection(ProjectConfigurationPlatforms) = postSolution
		{AB950094-8145-425B-A147-46FADA98A9A7}.Debug|Any CPU.ActiveCfg = Debug|Any CPU
		{AB950094-8145-425B-A147-46FADA98A9A7}.Debug|Any CPU.Build.0 = Debug|Any CPU
		{AB950094-8145-425B-A147-46FADA98A9A7}.Release|Any CPU.ActiveCfg = Release|Any CPU
		{AB950094-8145-425B-A147-46FADA98A9A7}.Release|Any CPU.Build.0 = Release|Any CPU
		{8D593977-2361-4126-9E3D-C93B97DCCBDC}.Debug|Any CPU.ActiveCfg = Debug|Any CPU
		{8D593977-2361-4126-9E3D-C93B97DCCBDC}.Debug|Any CPU.Build.0 = Debug|Any CPU
		{8D593977-2361-4126-9E3D-C93B97DCCBDC}.Release|Any CPU.ActiveCfg = Release|Any CPU
		{8D593977-2361-4126-9E3D-C93B97DCCBDC}.Release|Any CPU.Build.0 = Release|Any CPU
	EndGlobalSection
	GlobalSection(SolutionProperties) = preSolution
		HideSolutionNode = FALSE
	EndGlobalSection
EndGlobal
