
Microsoft Visual Studio Solution File, Format Version 12.00
# Visual Studio 14
VisualStudioVersion = 14.0.24720.0
MinimumVisualStudioVersion = 10.0.40219.1
Project("{FAE04EC0-301F-11D3-BF4B-00C04F79EFBC}") = "Homework8", "Homework8\Homework8.csproj", "{2CB55ADC-FFD7-4E5A-BC80-096E50610F91}"
EndProject
Project("{FAE04EC0-301F-11D3-BF4B-00C04F79EFBC}") = "Homework8Tests", "Homework8Tests\Homework8Tests.csproj", "{1CDE519B-364B-458C-B454-597DEB217C0D}"
EndProject
Global
	GlobalSection(SolutionConfigurationPlatforms) = preSolution
		Debug|Any CPU = Debug|Any CPU
		Release|Any CPU = Release|Any CPU
	EndGlobalSection
	GlobalSection(ProjectConfigurationPlatforms) = postSolution
		{2CB55ADC-FFD7-4E5A-BC80-096E50610F91}.Debug|Any CPU.ActiveCfg = Debug|Any CPU
		{2CB55ADC-FFD7-4E5A-BC80-096E50610F91}.Debug|Any CPU.Build.0 = Debug|Any CPU
		{2CB55ADC-FFD7-4E5A-BC80-096E50610F91}.Release|Any CPU.ActiveCfg = Release|Any CPU
		{2CB55ADC-FFD7-4E5A-BC80-096E50610F91}.Release|Any CPU.Build.0 = Release|Any CPU
		{1CDE519B-364B-458C-B454-597DEB217C0D}.Debug|Any CPU.ActiveCfg = Debug|Any CPU
		{1CDE519B-364B-458C-B454-597DEB217C0D}.Debug|Any CPU.Build.0 = Debug|Any CPU
		{1CDE519B-364B-458C-B454-597DEB217C0D}.Release|Any CPU.ActiveCfg = Release|Any CPU
		{1CDE519B-364B-458C-B454-597DEB217C0D}.Release|Any CPU.Build.0 = Release|Any CPU
	EndGlobalSection
	GlobalSection(SolutionProperties) = preSolution
		HideSolutionNode = FALSE
	EndGlobalSection
EndGlobal
